
Microsoft Visual Studio Solution File, Format Version 12.00
# Visual Studio Version 17
VisualStudioVersion = 17.3.32929.385
MinimumVisualStudioVersion = 10.0.40219.1
Project("{FAE04EC0-301F-11D3-BF4B-00C04F79EFBC}") = "CRUD_Books", "CRUD_Books\CRUD_Books.csproj", "{E71DB258-9920-4008-B282-B27C8F8B5F37}"
EndProject
Project("{2150E333-8FDC-42A3-9474-1A3956D46DE8}") = "Solution Items", "Solution Items", "{26E19D11-8514-4BCD-BB57-EE58DD853050}"
	ProjectSection(SolutionItems) = preProject
		.editorconfig = .editorconfig
	EndProjectSection
EndProject
Global
	GlobalSection(SolutionConfigurationPlatforms) = preSolution
		Debug|Any CPU = Debug|Any CPU
		Release|Any CPU = Release|Any CPU
	EndGlobalSection
	GlobalSection(ProjectConfigurationPlatforms) = postSolution
		{E71DB258-9920-4008-B282-B27C8F8B5F37}.Debug|Any CPU.ActiveCfg = Debug|Any CPU
		{E71DB258-9920-4008-B282-B27C8F8B5F37}.Debug|Any CPU.Build.0 = Debug|Any CPU
		{E71DB258-9920-4008-B282-B27C8F8B5F37}.Release|Any CPU.ActiveCfg = Release|Any CPU
		{E71DB258-9920-4008-B282-B27C8F8B5F37}.Release|Any CPU.Build.0 = Release|Any CPU
	EndGlobalSection
	GlobalSection(SolutionProperties) = preSolution
		HideSolutionNode = FALSE
	EndGlobalSection
	GlobalSection(ExtensibilityGlobals) = postSolution
		SolutionGuid = {AA7033E3-B746-4A9A-8D24-01F2824FEE97}
	EndGlobalSection
EndGlobal
